{
   "name": "dev",
   "version": "1.0.0",
   "lockfileVersion": 3,
   "requires": true,
   "packages": {
      "": {
         "name": "dev",
         "version": "1.0.0",
         "license": "ISC",
         "dependencies": {
            "xrg-utils": "^1.0.7"
         }
      },
      "node_modules/xrg-utils": {
         "version": "1.0.7",
         "resolved": "https://registry.npmjs.org/xrg-utils/-/xrg-utils-1.0.7.tgz",
         "integrity": "sha512-NODgEFqjXnW0RKMDgU6/HWkHkcWe6QO7E/QFtgD2CdTz3RpYRb8VpMCiIGWEqYiOBwv9zMOu6xiXN70v9LY6BQ==",
         "license": "ISC"
      }
   }
}
